// !$*UTF8*$!
{
	archiveVersion = 1;
	classes = {
	};
	objectVersion = 46;
	objects = {

/* Begin PBXBuildFile section */
		3102BDD61EC7666C0097DA91 /* DataService.swift in Sources */ = {isa = PBXBuildFile; fileRef = 3102BDD51EC7666C0097DA91 /* DataService.swift */; };
		3102BDD81EC771850097DA91 /* User.swift in Sources */ = {isa = PBXBuildFile; fileRef = 3102BDD71EC771850097DA91 /* User.swift */; };
		3102BDDA1EC7772F0097DA91 /* PostVC.swift in Sources */ = {isa = PBXBuildFile; fileRef = 3102BDD91EC7772F0097DA91 /* PostVC.swift */; };
		3102BDDC1EC78E950097DA91 /* FeedCell.swift in Sources */ = {isa = PBXBuildFile; fileRef = 3102BDDB1EC78E940097DA91 /* FeedCell.swift */; };
		3102BDDE1EC7D5D00097DA91 /* TabBarVC.swift in Sources */ = {isa = PBXBuildFile; fileRef = 3102BDDD1EC7D5D00097DA91 /* TabBarVC.swift */; };
		3102BDE01EC7ED330097DA91 /* RowSelectVC.swift in Sources */ = {isa = PBXBuildFile; fileRef = 3102BDDF1EC7ED330097DA91 /* RowSelectVC.swift */; };
		3102BDE21EC9575F0097DA91 /* MessageUI.framework in Frameworks */ = {isa = PBXBuildFile; fileRef = 3102BDE11EC9575F0097DA91 /* MessageUI.framework */; };
		3102BDE41EC984DC0097DA91 /* ImageVC.swift in Sources */ = {isa = PBXBuildFile; fileRef = 3102BDE31EC984DC0097DA91 /* ImageVC.swift */; };
		3102BDE61EC9865C0097DA91 /* ImageEx.swift in Sources */ = {isa = PBXBuildFile; fileRef = 3102BDE51EC9865C0097DA91 /* ImageEx.swift */; };
		3102BDE81EC9AAE80097DA91 /* SignOutVC.swift in Sources */ = {isa = PBXBuildFile; fileRef = 3102BDE71EC9AAE80097DA91 /* SignOutVC.swift */; };
		3102BDEA1EC9CB360097DA91 /* MapVC.swift in Sources */ = {isa = PBXBuildFile; fileRef = 3102BDE91EC9CB360097DA91 /* MapVC.swift */; };
		3102BDEC1EC9CD230097DA91 /* CurrentUserCoordinates.swift in Sources */ = {isa = PBXBuildFile; fileRef = 3102BDEB1EC9CD230097DA91 /* CurrentUserCoordinates.swift */; };
		3102BDF21ECBE5AB0097DA91 /* StarbucksAnnotation.swift in Sources */ = {isa = PBXBuildFile; fileRef = 3102BDF11ECBE5AB0097DA91 /* StarbucksAnnotation.swift */; };
		3102BDF51ECBE8FB0097DA91 /* CustomCalloutView.xib in Resources */ = {isa = PBXBuildFile; fileRef = 3102BDF41ECBE8FB0097DA91 /* CustomCalloutView.xib */; };
		3102BDF71ECBEA0E0097DA91 /* CustomCalloutView.swift in Sources */ = {isa = PBXBuildFile; fileRef = 3102BDF61ECBEA0E0097DA91 /* CustomCalloutView.swift */; };
		3102BDF91ECBEB510097DA91 /* AnnotationView.swift in Sources */ = {isa = PBXBuildFile; fileRef = 3102BDF81ECBEB510097DA91 /* AnnotationView.swift */; };
		3102BDFD1ECC25340097DA91 /* Bounce.swift in Sources */ = {isa = PBXBuildFile; fileRef = 3102BDFC1ECC25340097DA91 /* Bounce.swift */; };
		3102BE161ECC2BA40097DA91 /* IQNSArray+Sort.swift in Sources */ = {isa = PBXBuildFile; fileRef = 3102BE001ECC2BA40097DA91 /* IQNSArray+Sort.swift */; };
		3102BE171ECC2BA40097DA91 /* IQUIScrollView+Additions.swift in Sources */ = {isa = PBXBuildFile; fileRef = 3102BE011ECC2BA40097DA91 /* IQUIScrollView+Additions.swift */; };
		3102BE181ECC2BA40097DA91 /* IQUITextFieldView+Additions.swift in Sources */ = {isa = PBXBuildFile; fileRef = 3102BE021ECC2BA40097DA91 /* IQUITextFieldView+Additions.swift */; };
		3102BE191ECC2BA40097DA91 /* IQUIView+Hierarchy.swift in Sources */ = {isa = PBXBuildFile; fileRef = 3102BE031ECC2BA40097DA91 /* IQUIView+Hierarchy.swift */; };
		3102BE1A1ECC2BA40097DA91 /* IQUIViewController+Additions.swift in Sources */ = {isa = PBXBuildFile; fileRef = 3102BE041ECC2BA40097DA91 /* IQUIViewController+Additions.swift */; };
		3102BE1B1ECC2BA40097DA91 /* IQUIWindow+Hierarchy.swift in Sources */ = {isa = PBXBuildFile; fileRef = 3102BE051ECC2BA40097DA91 /* IQUIWindow+Hierarchy.swift */; };
		3102BE1C1ECC2BA40097DA91 /* IQKeyboardManagerConstants.swift in Sources */ = {isa = PBXBuildFile; fileRef = 3102BE071ECC2BA40097DA91 /* IQKeyboardManagerConstants.swift */; };
		3102BE1D1ECC2BA40097DA91 /* IQKeyboardManagerConstantsInternal.swift in Sources */ = {isa = PBXBuildFile; fileRef = 3102BE081ECC2BA40097DA91 /* IQKeyboardManagerConstantsInternal.swift */; };
		3102BE1E1ECC2BA40097DA91 /* IQKeyboardManager.swift in Sources */ = {isa = PBXBuildFile; fileRef = 3102BE091ECC2BA40097DA91 /* IQKeyboardManager.swift */; };
		3102BE1F1ECC2BA40097DA91 /* IQKeyboardReturnKeyHandler.swift in Sources */ = {isa = PBXBuildFile; fileRef = 3102BE0B1ECC2BA40097DA91 /* IQKeyboardReturnKeyHandler.swift */; };
		3102BE201ECC2BA40097DA91 /* IQTextView.swift in Sources */ = {isa = PBXBuildFile; fileRef = 3102BE0D1ECC2BA40097DA91 /* IQTextView.swift */; };
		3102BE211ECC2BA40097DA91 /* IQBarButtonItem.swift in Sources */ = {isa = PBXBuildFile; fileRef = 3102BE0F1ECC2BA40097DA91 /* IQBarButtonItem.swift */; };
		3102BE221ECC2BA40097DA91 /* IQPreviousNextView.swift in Sources */ = {isa = PBXBuildFile; fileRef = 3102BE101ECC2BA40097DA91 /* IQPreviousNextView.swift */; };
		3102BE231ECC2BA40097DA91 /* IQTitleBarButtonItem.swift in Sources */ = {isa = PBXBuildFile; fileRef = 3102BE111ECC2BA40097DA91 /* IQTitleBarButtonItem.swift */; };
		3102BE241ECC2BA40097DA91 /* IQToolbar.swift in Sources */ = {isa = PBXBuildFile; fileRef = 3102BE121ECC2BA40097DA91 /* IQToolbar.swift */; };
		3102BE251ECC2BA40097DA91 /* IQUIView+IQKeyboardToolbar.swift in Sources */ = {isa = PBXBuildFile; fileRef = 3102BE131ECC2BA40097DA91 /* IQUIView+IQKeyboardToolbar.swift */; };
		3102BE261ECC2BA40097DA91 /* IQKeyboardManager.bundle in Resources */ = {isa = PBXBuildFile; fileRef = 3102BE151ECC2BA40097DA91 /* IQKeyboardManager.bundle */; };
		317B9BE21EC69EF800F24216 /* AppDelegate.swift in Sources */ = {isa = PBXBuildFile; fileRef = 317B9BE11EC69EF800F24216 /* AppDelegate.swift */; };
		317B9BE41EC69EF800F24216 /* SignInVC.swift in Sources */ = {isa = PBXBuildFile; fileRef = 317B9BE31EC69EF800F24216 /* SignInVC.swift */; };
		317B9BE71EC69EF800F24216 /* Main.storyboard in Resources */ = {isa = PBXBuildFile; fileRef = 317B9BE51EC69EF800F24216 /* Main.storyboard */; };
		317B9BEA1EC69EF800F24216 /* MakeJobs.xcdatamodeld in Sources */ = {isa = PBXBuildFile; fileRef = 317B9BE81EC69EF800F24216 /* MakeJobs.xcdatamodeld */; };
		317B9BEC1EC69EF800F24216 /* Assets.xcassets in Resources */ = {isa = PBXBuildFile; fileRef = 317B9BEB1EC69EF800F24216 /* Assets.xcassets */; };
		317B9BEF1EC69EF800F24216 /* LaunchScreen.storyboard in Resources */ = {isa = PBXBuildFile; fileRef = 317B9BED1EC69EF800F24216 /* LaunchScreen.storyboard */; };
		317B9BF71EC6A79200F24216 /* KeyBoard.swift in Sources */ = {isa = PBXBuildFile; fileRef = 317B9BF61EC6A79200F24216 /* KeyBoard.swift */; };
		317B9BFA1EC6BDE000F24216 /* SignUpVC.swift in Sources */ = {isa = PBXBuildFile; fileRef = 317B9BF91EC6BDE000F24216 /* SignUpVC.swift */; };
		317B9BFD1EC6D2B300F24216 /* FeedVC.swift in Sources */ = {isa = PBXBuildFile; fileRef = 317B9BFC1EC6D2B300F24216 /* FeedVC.swift */; };
		317B9C011EC7614A00F24216 /* GoogleService-Info.plist in Resources */ = {isa = PBXBuildFile; fileRef = 317B9C001EC7614A00F24216 /* GoogleService-Info.plist */; };
		31A329E21FD3282D0020696F /* MoneyBunnyVC.swift in Sources */ = {isa = PBXBuildFile; fileRef = 31A329E11FD3282C0020696F /* MoneyBunnyVC.swift */; };
		31A329E41FD350650020696F /* Article.swift in Sources */ = {isa = PBXBuildFile; fileRef = 31A329E31FD350650020696F /* Article.swift */; };
		31A329E61FD351940020696F /* WebVC.swift in Sources */ = {isa = PBXBuildFile; fileRef = 31A329E51FD351940020696F /* WebVC.swift */; };
		6F6346508B62DE95620A1D7D /* Pods_MakeJobs.framework in Frameworks */ = {isa = PBXBuildFile; fileRef = AE69EB3CD021B29007199AE1 /* Pods_MakeJobs.framework */; };
/* End PBXBuildFile section */

/* Begin PBXFileReference section */
		3102BDD51EC7666C0097DA91 /* DataService.swift */ = {isa = PBXFileReference; fileEncoding = 4; lastKnownFileType = sourcecode.swift; path = DataService.swift; sourceTree = "<group>"; };
		3102BDD71EC771850097DA91 /* User.swift */ = {isa = PBXFileReference; fileEncoding = 4; lastKnownFileType = sourcecode.swift; path = User.swift; sourceTree = "<group>"; };
		3102BDD91EC7772F0097DA91 /* PostVC.swift */ = {isa = PBXFileReference; fileEncoding = 4; lastKnownFileType = sourcecode.swift; path = PostVC.swift; sourceTree = "<group>"; };
		3102BDDB1EC78E940097DA91 /* FeedCell.swift */ = {isa = PBXFileReference; fileEncoding = 4; lastKnownFileType = sourcecode.swift; path = FeedCell.swift; sourceTree = "<group>"; };
		3102BDDD1EC7D5D00097DA91 /* TabBarVC.swift */ = {isa = PBXFileReference; fileEncoding = 4; lastKnownFileType = sourcecode.swift; path = TabBarVC.swift; sourceTree = "<group>"; };
		3102BDDF1EC7ED330097DA91 /* RowSelectVC.swift */ = {isa = PBXFileReference; fileEncoding = 4; lastKnownFileType = sourcecode.swift; path = RowSelectVC.swift; sourceTree = "<group>"; };
		3102BDE11EC9575F0097DA91 /* MessageUI.framework */ = {isa = PBXFileReference; lastKnownFileType = wrapper.framework; name = MessageUI.framework; path = System/Library/Frameworks/MessageUI.framework; sourceTree = SDKROOT; };
		3102BDE31EC984DC0097DA91 /* ImageVC.swift */ = {isa = PBXFileReference; fileEncoding = 4; lastKnownFileType = sourcecode.swift; path = ImageVC.swift; sourceTree = "<group>"; };
		3102BDE51EC9865C0097DA91 /* ImageEx.swift */ = {isa = PBXFileReference; fileEncoding = 4; lastKnownFileType = sourcecode.swift; path = ImageEx.swift; sourceTree = "<group>"; };
		3102BDE71EC9AAE80097DA91 /* SignOutVC.swift */ = {isa = PBXFileReference; fileEncoding = 4; lastKnownFileType = sourcecode.swift; path = SignOutVC.swift; sourceTree = "<group>"; };
		3102BDE91EC9CB360097DA91 /* MapVC.swift */ = {isa = PBXFileReference; fileEncoding = 4; lastKnownFileType = sourcecode.swift; path = MapVC.swift; sourceTree = "<group>"; };
		3102BDEB1EC9CD230097DA91 /* CurrentUserCoordinates.swift */ = {isa = PBXFileReference; fileEncoding = 4; lastKnownFileType = sourcecode.swift; path = CurrentUserCoordinates.swift; sourceTree = "<group>"; };
		3102BDF11ECBE5AB0097DA91 /* StarbucksAnnotation.swift */ = {isa = PBXFileReference; fileEncoding = 4; lastKnownFileType = sourcecode.swift; path = StarbucksAnnotation.swift; sourceTree = "<group>"; };
		3102BDF41ECBE8FB0097DA91 /* CustomCalloutView.xib */ = {isa = PBXFileReference; fileEncoding = 4; lastKnownFileType = file.xib; path = CustomCalloutView.xib; sourceTree = "<group>"; };
		3102BDF61ECBEA0E0097DA91 /* CustomCalloutView.swift */ = {isa = PBXFileReference; fileEncoding = 4; lastKnownFileType = sourcecode.swift; path = CustomCalloutView.swift; sourceTree = "<group>"; };
		3102BDF81ECBEB510097DA91 /* AnnotationView.swift */ = {isa = PBXFileReference; fileEncoding = 4; lastKnownFileType = sourcecode.swift; path = AnnotationView.swift; sourceTree = "<group>"; };
		3102BDFC1ECC25340097DA91 /* Bounce.swift */ = {isa = PBXFileReference; fileEncoding = 4; lastKnownFileType = sourcecode.swift; path = Bounce.swift; sourceTree = "<group>"; };
		3102BE001ECC2BA40097DA91 /* IQNSArray+Sort.swift */ = {isa = PBXFileReference; fileEncoding = 4; lastKnownFileType = sourcecode.swift; path = "IQNSArray+Sort.swift"; sourceTree = "<group>"; };
		3102BE011ECC2BA40097DA91 /* IQUIScrollView+Additions.swift */ = {isa = PBXFileReference; fileEncoding = 4; lastKnownFileType = sourcecode.swift; path = "IQUIScrollView+Additions.swift"; sourceTree = "<group>"; };
		3102BE021ECC2BA40097DA91 /* IQUITextFieldView+Additions.swift */ = {isa = PBXFileReference; fileEncoding = 4; lastKnownFileType = sourcecode.swift; path = "IQUITextFieldView+Additions.swift"; sourceTree = "<group>"; };
		3102BE031ECC2BA40097DA91 /* IQUIView+Hierarchy.swift */ = {isa = PBXFileReference; fileEncoding = 4; lastKnownFileType = sourcecode.swift; path = "IQUIView+Hierarchy.swift"; sourceTree = "<group>"; };
		3102BE041ECC2BA40097DA91 /* IQUIViewController+Additions.swift */ = {isa = PBXFileReference; fileEncoding = 4; lastKnownFileType = sourcecode.swift; path = "IQUIViewController+Additions.swift"; sourceTree = "<group>"; };
		3102BE051ECC2BA40097DA91 /* IQUIWindow+Hierarchy.swift */ = {isa = PBXFileReference; fileEncoding = 4; lastKnownFileType = sourcecode.swift; path = "IQUIWindow+Hierarchy.swift"; sourceTree = "<group>"; };
		3102BE071ECC2BA40097DA91 /* IQKeyboardManagerConstants.swift */ = {isa = PBXFileReference; fileEncoding = 4; lastKnownFileType = sourcecode.swift; path = IQKeyboardManagerConstants.swift; sourceTree = "<group>"; };
		3102BE081ECC2BA40097DA91 /* IQKeyboardManagerConstantsInternal.swift */ = {isa = PBXFileReference; fileEncoding = 4; lastKnownFileType = sourcecode.swift; path = IQKeyboardManagerConstantsInternal.swift; sourceTree = "<group>"; };
		3102BE091ECC2BA40097DA91 /* IQKeyboardManager.swift */ = {isa = PBXFileReference; fileEncoding = 4; lastKnownFileType = sourcecode.swift; path = IQKeyboardManager.swift; sourceTree = "<group>"; };
		3102BE0A1ECC2BA40097DA91 /* IQKeyboardManagerSwift.h */ = {isa = PBXFileReference; fileEncoding = 4; lastKnownFileType = sourcecode.c.h; path = IQKeyboardManagerSwift.h; sourceTree = "<group>"; };
		3102BE0B1ECC2BA40097DA91 /* IQKeyboardReturnKeyHandler.swift */ = {isa = PBXFileReference; fileEncoding = 4; lastKnownFileType = sourcecode.swift; path = IQKeyboardReturnKeyHandler.swift; sourceTree = "<group>"; };
		3102BE0D1ECC2BA40097DA91 /* IQTextView.swift */ = {isa = PBXFileReference; fileEncoding = 4; lastKnownFileType = sourcecode.swift; path = IQTextView.swift; sourceTree = "<group>"; };
		3102BE0F1ECC2BA40097DA91 /* IQBarButtonItem.swift */ = {isa = PBXFileReference; fileEncoding = 4; lastKnownFileType = sourcecode.swift; path = IQBarButtonItem.swift; sourceTree = "<group>"; };
		3102BE101ECC2BA40097DA91 /* IQPreviousNextView.swift */ = {isa = PBXFileReference; fileEncoding = 4; lastKnownFileType = sourcecode.swift; path = IQPreviousNextView.swift; sourceTree = "<group>"; };
		3102BE111ECC2BA40097DA91 /* IQTitleBarButtonItem.swift */ = {isa = PBXFileReference; fileEncoding = 4; lastKnownFileType = sourcecode.swift; path = IQTitleBarButtonItem.swift; sourceTree = "<group>"; };
		3102BE121ECC2BA40097DA91 /* IQToolbar.swift */ = {isa = PBXFileReference; fileEncoding = 4; lastKnownFileType = sourcecode.swift; path = IQToolbar.swift; sourceTree = "<group>"; };
		3102BE131ECC2BA40097DA91 /* IQUIView+IQKeyboardToolbar.swift */ = {isa = PBXFileReference; fileEncoding = 4; lastKnownFileType = sourcecode.swift; path = "IQUIView+IQKeyboardToolbar.swift"; sourceTree = "<group>"; };
		3102BE151ECC2BA40097DA91 /* IQKeyboardManager.bundle */ = {isa = PBXFileReference; lastKnownFileType = "wrapper.plug-in"; path = IQKeyboardManager.bundle; sourceTree = "<group>"; };
		317B9BDE1EC69EF800F24216 /* MakeJobs.app */ = {isa = PBXFileReference; explicitFileType = wrapper.application; includeInIndex = 0; path = MakeJobs.app; sourceTree = BUILT_PRODUCTS_DIR; };
		317B9BE11EC69EF800F24216 /* AppDelegate.swift */ = {isa = PBXFileReference; lastKnownFileType = sourcecode.swift; path = AppDelegate.swift; sourceTree = "<group>"; };
		317B9BE31EC69EF800F24216 /* SignInVC.swift */ = {isa = PBXFileReference; lastKnownFileType = sourcecode.swift; path = SignInVC.swift; sourceTree = "<group>"; };
		317B9BE61EC69EF800F24216 /* Base */ = {isa = PBXFileReference; lastKnownFileType = file.storyboard; name = Base; path = Base.lproj/Main.storyboard; sourceTree = "<group>"; };
		317B9BE91EC69EF800F24216 /* MakeJobs.xcdatamodel */ = {isa = PBXFileReference; lastKnownFileType = wrapper.xcdatamodel; path = MakeJobs.xcdatamodel; sourceTree = "<group>"; };
		317B9BEB1EC69EF800F24216 /* Assets.xcassets */ = {isa = PBXFileReference; lastKnownFileType = folder.assetcatalog; path = Assets.xcassets; sourceTree = "<group>"; };
		317B9BEE1EC69EF800F24216 /* Base */ = {isa = PBXFileReference; lastKnownFileType = file.storyboard; name = Base; path = Base.lproj/LaunchScreen.storyboard; sourceTree = "<group>"; };
		317B9BF01EC69EF800F24216 /* Info.plist */ = {isa = PBXFileReference; lastKnownFileType = text.plist.xml; path = Info.plist; sourceTree = "<group>"; };
		317B9BF61EC6A79200F24216 /* KeyBoard.swift */ = {isa = PBXFileReference; fileEncoding = 4; lastKnownFileType = sourcecode.swift; path = KeyBoard.swift; sourceTree = "<group>"; };
		317B9BF91EC6BDE000F24216 /* SignUpVC.swift */ = {isa = PBXFileReference; fileEncoding = 4; lastKnownFileType = sourcecode.swift; path = SignUpVC.swift; sourceTree = "<group>"; };
		317B9BFC1EC6D2B300F24216 /* FeedVC.swift */ = {isa = PBXFileReference; fileEncoding = 4; lastKnownFileType = sourcecode.swift; path = FeedVC.swift; sourceTree = "<group>"; };
		317B9C001EC7614A00F24216 /* GoogleService-Info.plist */ = {isa = PBXFileReference; fileEncoding = 4; lastKnownFileType = text.plist.xml; path = "GoogleService-Info.plist"; sourceTree = "<group>"; };
		31A329E11FD3282C0020696F /* MoneyBunnyVC.swift */ = {isa = PBXFileReference; fileEncoding = 4; lastKnownFileType = sourcecode.swift; path = MoneyBunnyVC.swift; sourceTree = "<group>"; };
		31A329E31FD350650020696F /* Article.swift */ = {isa = PBXFileReference; fileEncoding = 4; lastKnownFileType = sourcecode.swift; path = Article.swift; sourceTree = "<group>"; };
		31A329E51FD351940020696F /* WebVC.swift */ = {isa = PBXFileReference; fileEncoding = 4; lastKnownFileType = sourcecode.swift; path = WebVC.swift; sourceTree = "<group>"; };
		4181C612292FA6F4ADB45F90 /* Pods-MakeJobs.debug.xcconfig */ = {isa = PBXFileReference; includeInIndex = 1; lastKnownFileType = text.xcconfig; name = "Pods-MakeJobs.debug.xcconfig"; path = "Pods/Target Support Files/Pods-MakeJobs/Pods-MakeJobs.debug.xcconfig"; sourceTree = "<group>"; };
		AE69EB3CD021B29007199AE1 /* Pods_MakeJobs.framework */ = {isa = PBXFileReference; explicitFileType = wrapper.framework; includeInIndex = 0; path = Pods_MakeJobs.framework; sourceTree = BUILT_PRODUCTS_DIR; };
		D1AAF9DEA955A9CCEF97E4DB /* Pods-MakeJobs.release.xcconfig */ = {isa = PBXFileReference; includeInIndex = 1; lastKnownFileType = text.xcconfig; name = "Pods-MakeJobs.release.xcconfig"; path = "Pods/Target Support Files/Pods-MakeJobs/Pods-MakeJobs.release.xcconfig"; sourceTree = "<group>"; };
/* End PBXFileReference section */

/* Begin PBXFrameworksBuildPhase section */
		317B9BDB1EC69EF800F24216 /* Frameworks */ = {
			isa = PBXFrameworksBuildPhase;
			buildActionMask = 2147483647;
			files = (
				3102BDE21EC9575F0097DA91 /* MessageUI.framework in Frameworks */,
				6F6346508B62DE95620A1D7D /* Pods_MakeJobs.framework in Frameworks */,
			);
			runOnlyForDeploymentPostprocessing = 0;
		};
/* End PBXFrameworksBuildPhase section */

/* Begin PBXGroup section */
		0448F334FEB490B321543F81 /* Pods */ = {
			isa = PBXGroup;
			children = (
				4181C612292FA6F4ADB45F90 /* Pods-MakeJobs.debug.xcconfig */,
				D1AAF9DEA955A9CCEF97E4DB /* Pods-MakeJobs.release.xcconfig */,
			);
			name = Pods;
			sourceTree = "<group>";
		};
		3102BDF31ECBE8DE0097DA91 /* xib */ = {
			isa = PBXGroup;
			children = (
				3102BDF41ECBE8FB0097DA91 /* CustomCalloutView.xib */,
				3102BDF61ECBEA0E0097DA91 /* CustomCalloutView.swift */,
			);
			name = xib;
			sourceTree = "<group>";
		};
		3102BDFA1ECC25010097DA91 /* Annotations */ = {
			isa = PBXGroup;
			children = (
				3102BDF81ECBEB510097DA91 /* AnnotationView.swift */,
				3102BDF11ECBE5AB0097DA91 /* StarbucksAnnotation.swift */,
			);
			name = Annotations;
			sourceTree = "<group>";
		};
		3102BDFB1ECC25160097DA91 /* Button */ = {
			isa = PBXGroup;
			children = (
				3102BDFC1ECC25340097DA91 /* Bounce.swift */,
			);
			name = Button;
			sourceTree = "<group>";
		};
		3102BDFE1ECC2BA40097DA91 /* IQKeyboardManagerSwift */ = {
			isa = PBXGroup;
			children = (
				3102BDFF1ECC2BA40097DA91 /* Categories */,
				3102BE061ECC2BA40097DA91 /* Constants */,
				3102BE091ECC2BA40097DA91 /* IQKeyboardManager.swift */,
				3102BE0A1ECC2BA40097DA91 /* IQKeyboardManagerSwift.h */,
				3102BE0B1ECC2BA40097DA91 /* IQKeyboardReturnKeyHandler.swift */,
				3102BE0C1ECC2BA40097DA91 /* IQTextView */,
				3102BE0E1ECC2BA40097DA91 /* IQToolbar */,
				3102BE141ECC2BA40097DA91 /* Resources */,
			);
			path = IQKeyboardManagerSwift;
			sourceTree = "<group>";
		};
		3102BDFF1ECC2BA40097DA91 /* Categories */ = {
			isa = PBXGroup;
			children = (
				3102BE001ECC2BA40097DA91 /* IQNSArray+Sort.swift */,
				3102BE011ECC2BA40097DA91 /* IQUIScrollView+Additions.swift */,
				3102BE021ECC2BA40097DA91 /* IQUITextFieldView+Additions.swift */,
				3102BE031ECC2BA40097DA91 /* IQUIView+Hierarchy.swift */,
				3102BE041ECC2BA40097DA91 /* IQUIViewController+Additions.swift */,
				3102BE051ECC2BA40097DA91 /* IQUIWindow+Hierarchy.swift */,
			);
			path = Categories;
			sourceTree = "<group>";
		};
		3102BE061ECC2BA40097DA91 /* Constants */ = {
			isa = PBXGroup;
			children = (
				3102BE071ECC2BA40097DA91 /* IQKeyboardManagerConstants.swift */,
				3102BE081ECC2BA40097DA91 /* IQKeyboardManagerConstantsInternal.swift */,
			);
			path = Constants;
			sourceTree = "<group>";
		};
		3102BE0C1ECC2BA40097DA91 /* IQTextView */ = {
			isa = PBXGroup;
			children = (
				3102BE0D1ECC2BA40097DA91 /* IQTextView.swift */,
			);
			path = IQTextView;
			sourceTree = "<group>";
		};
		3102BE0E1ECC2BA40097DA91 /* IQToolbar */ = {
			isa = PBXGroup;
			children = (
				3102BE0F1ECC2BA40097DA91 /* IQBarButtonItem.swift */,
				3102BE101ECC2BA40097DA91 /* IQPreviousNextView.swift */,
				3102BE111ECC2BA40097DA91 /* IQTitleBarButtonItem.swift */,
				3102BE121ECC2BA40097DA91 /* IQToolbar.swift */,
				3102BE131ECC2BA40097DA91 /* IQUIView+IQKeyboardToolbar.swift */,
			);
			path = IQToolbar;
			sourceTree = "<group>";
		};
		3102BE141ECC2BA40097DA91 /* Resources */ = {
			isa = PBXGroup;
			children = (
				3102BE151ECC2BA40097DA91 /* IQKeyboardManager.bundle */,
			);
			path = Resources;
			sourceTree = "<group>";
		};
		317B9BD51EC69EF800F24216 = {
			isa = PBXGroup;
			children = (
				317B9BE01EC69EF800F24216 /* MakeJobs */,
				317B9BDF1EC69EF800F24216 /* Products */,
				0448F334FEB490B321543F81 /* Pods */,
				623066C6BA8185248BB42FD2 /* Frameworks */,
			);
			sourceTree = "<group>";
		};
		317B9BDF1EC69EF800F24216 /* Products */ = {
			isa = PBXGroup;
			children = (
				317B9BDE1EC69EF800F24216 /* MakeJobs.app */,
			);
			name = Products;
			sourceTree = "<group>";
		};
		317B9BE01EC69EF800F24216 /* MakeJobs */ = {
			isa = PBXGroup;
			children = (
				317B9BE11EC69EF800F24216 /* AppDelegate.swift */,
				3102BDFE1ECC2BA40097DA91 /* IQKeyboardManagerSwift */,
				3102BDFB1ECC25160097DA91 /* Button */,
				3102BDFA1ECC25010097DA91 /* Annotations */,
				3102BDF31ECBE8DE0097DA91 /* xib */,
				317B9BFB1EC6C39E00F24216 /* VCs */,
				317B9BF81EC6A79900F24216 /* Extensions */,
				317B9C001EC7614A00F24216 /* GoogleService-Info.plist */,
				317B9BE51EC69EF800F24216 /* Main.storyboard */,
				317B9BEB1EC69EF800F24216 /* Assets.xcassets */,
				317B9BED1EC69EF800F24216 /* LaunchScreen.storyboard */,
				317B9BF01EC69EF800F24216 /* Info.plist */,
				317B9BE81EC69EF800F24216 /* MakeJobs.xcdatamodeld */,
			);
			path = MakeJobs;
			sourceTree = "<group>";
		};
		317B9BF81EC6A79900F24216 /* Extensions */ = {
			isa = PBXGroup;
			children = (
				317B9BF61EC6A79200F24216 /* KeyBoard.swift */,
				3102BDD51EC7666C0097DA91 /* DataService.swift */,
				3102BDD71EC771850097DA91 /* User.swift */,
				3102BDDB1EC78E940097DA91 /* FeedCell.swift */,
				3102BDE51EC9865C0097DA91 /* ImageEx.swift */,
				3102BDEB1EC9CD230097DA91 /* CurrentUserCoordinates.swift */,
			);
			name = Extensions;
			sourceTree = "<group>";
		};
		317B9BFB1EC6C39E00F24216 /* VCs */ = {
			isa = PBXGroup;
			children = (
				317B9BF91EC6BDE000F24216 /* SignUpVC.swift */,
				317B9BE31EC69EF800F24216 /* SignInVC.swift */,
				317B9BFC1EC6D2B300F24216 /* FeedVC.swift */,
				3102BDD91EC7772F0097DA91 /* PostVC.swift */,
				3102BDDD1EC7D5D00097DA91 /* TabBarVC.swift */,
				3102BDDF1EC7ED330097DA91 /* RowSelectVC.swift */,
				3102BDE31EC984DC0097DA91 /* ImageVC.swift */,
				3102BDE71EC9AAE80097DA91 /* SignOutVC.swift */,
				3102BDE91EC9CB360097DA91 /* MapVC.swift */,
				31A329E11FD3282C0020696F /* MoneyBunnyVC.swift */,
				31A329E51FD351940020696F /* WebVC.swift */,
				31A329E31FD350650020696F /* Article.swift */,
			);
			name = VCs;
			sourceTree = "<group>";
		};
		623066C6BA8185248BB42FD2 /* Frameworks */ = {
			isa = PBXGroup;
			children = (
				3102BDE11EC9575F0097DA91 /* MessageUI.framework */,
				AE69EB3CD021B29007199AE1 /* Pods_MakeJobs.framework */,
			);
			name = Frameworks;
			sourceTree = "<group>";
		};
/* End PBXGroup section */

/* Begin PBXNativeTarget section */
		317B9BDD1EC69EF800F24216 /* MakeJobs */ = {
			isa = PBXNativeTarget;
			buildConfigurationList = 317B9BF31EC69EF800F24216 /* Build configuration list for PBXNativeTarget "MakeJobs" */;
			buildPhases = (
				1E1BED7CE9826AC3B1AC996D /* [CP] Check Pods Manifest.lock */,
				317B9BDA1EC69EF800F24216 /* Sources */,
				317B9BDB1EC69EF800F24216 /* Frameworks */,
				317B9BDC1EC69EF800F24216 /* Resources */,
				E1EF35663947542DD00467E8 /* [CP] Embed Pods Frameworks */,
				CDE977773D6DC3D1C2B119CB /* [CP] Copy Pods Resources */,
			);
			buildRules = (
			);
			dependencies = (
			);
			name = MakeJobs;
			productName = MakeJobs;
			productReference = 317B9BDE1EC69EF800F24216 /* MakeJobs.app */;
			productType = "com.apple.product-type.application";
		};
/* End PBXNativeTarget section */

/* Begin PBXProject section */
		317B9BD61EC69EF800F24216 /* Project object */ = {
			isa = PBXProject;
			attributes = {
				LastSwiftUpdateCheck = 0830;
				LastUpgradeCheck = 0830;
				ORGANIZATIONNAME = Nikhil;
				TargetAttributes = {
					317B9BDD1EC69EF800F24216 = {
						CreatedOnToolsVersion = 8.3.1;
						DevelopmentTeam = 8AEAWST845;
						ProvisioningStyle = Automatic;
					};
				};
			};
			buildConfigurationList = 317B9BD91EC69EF800F24216 /* Build configuration list for PBXProject "MakeJobs" */;
			compatibilityVersion = "Xcode 3.2";
			developmentRegion = English;
			hasScannedForEncodings = 0;
			knownRegions = (
				en,
				Base,
			);
			mainGroup = 317B9BD51EC69EF800F24216;
			productRefGroup = 317B9BDF1EC69EF800F24216 /* Products */;
			projectDirPath = "";
			projectRoot = "";
			targets = (
				317B9BDD1EC69EF800F24216 /* MakeJobs */,
			);
		};
/* End PBXProject section */

/* Begin PBXResourcesBuildPhase section */
		317B9BDC1EC69EF800F24216 /* Resources */ = {
			isa = PBXResourcesBuildPhase;
			buildActionMask = 2147483647;
			files = (
				317B9BEF1EC69EF800F24216 /* LaunchScreen.storyboard in Resources */,
				317B9C011EC7614A00F24216 /* GoogleService-Info.plist in Resources */,
				3102BE261ECC2BA40097DA91 /* IQKeyboardManager.bundle in Resources */,
				317B9BEC1EC69EF800F24216 /* Assets.xcassets in Resources */,
				3102BDF51ECBE8FB0097DA91 /* CustomCalloutView.xib in Resources */,
				317B9BE71EC69EF800F24216 /* Main.storyboard in Resources */,
			);
			runOnlyForDeploymentPostprocessing = 0;
		};
/* End PBXResourcesBuildPhase section */

/* Begin PBXShellScriptBuildPhase section */
		1E1BED7CE9826AC3B1AC996D /* [CP] Check Pods Manifest.lock */ = {
			isa = PBXShellScriptBuildPhase;
			buildActionMask = 2147483647;
			files = (
			);
			inputPaths = (
			);
			name = "[CP] Check Pods Manifest.lock";
			outputPaths = (
			);
			runOnlyForDeploymentPostprocessing = 0;
			shellPath = /bin/sh;
			shellScript = "diff \"${PODS_PODFILE_DIR_PATH}/Podfile.lock\" \"${PODS_ROOT}/Manifest.lock\" > /dev/null\nif [ $? != 0 ] ; then\n    # print error to STDERR\n    echo \"error: The sandbox is not in sync with the Podfile.lock. Run 'pod install' or update your CocoaPods installation.\" >&2\n    exit 1\nfi\n";
			showEnvVarsInLog = 0;
		};
		CDE977773D6DC3D1C2B119CB /* [CP] Copy Pods Resources */ = {
			isa = PBXShellScriptBuildPhase;
			buildActionMask = 2147483647;
			files = (
			);
			inputPaths = (
			);
			name = "[CP] Copy Pods Resources";
			outputPaths = (
			);
			runOnlyForDeploymentPostprocessing = 0;
			shellPath = /bin/sh;
			shellScript = "\"${SRCROOT}/Pods/Target Support Files/Pods-MakeJobs/Pods-MakeJobs-resources.sh\"\n";
			showEnvVarsInLog = 0;
		};
		E1EF35663947542DD00467E8 /* [CP] Embed Pods Frameworks */ = {
			isa = PBXShellScriptBuildPhase;
			buildActionMask = 2147483647;
			files = (
			);
			inputPaths = (
			);
			name = "[CP] Embed Pods Frameworks";
			outputPaths = (
			);
			runOnlyForDeploymentPostprocessing = 0;
			shellPath = /bin/sh;
			shellScript = "\"${SRCROOT}/Pods/Target Support Files/Pods-MakeJobs/Pods-MakeJobs-frameworks.sh\"\n";
			showEnvVarsInLog = 0;
		};
/* End PBXShellScriptBuildPhase section */

/* Begin PBXSourcesBuildPhase section */
		317B9BDA1EC69EF800F24216 /* Sources */ = {
			isa = PBXSourcesBuildPhase;
			buildActionMask = 2147483647;
			files = (
				317B9BFD1EC6D2B300F24216 /* FeedVC.swift in Sources */,
				3102BDE01EC7ED330097DA91 /* RowSelectVC.swift in Sources */,
				3102BDDC1EC78E950097DA91 /* FeedCell.swift in Sources */,
				3102BE191ECC2BA40097DA91 /* IQUIView+Hierarchy.swift in Sources */,
				3102BE1F1ECC2BA40097DA91 /* IQKeyboardReturnKeyHandler.swift in Sources */,
				3102BE201ECC2BA40097DA91 /* IQTextView.swift in Sources */,
				3102BDEC1EC9CD230097DA91 /* CurrentUserCoordinates.swift in Sources */,
				3102BDE41EC984DC0097DA91 /* ImageVC.swift in Sources */,
				3102BE1E1ECC2BA40097DA91 /* IQKeyboardManager.swift in Sources */,
				3102BE1A1ECC2BA40097DA91 /* IQUIViewController+Additions.swift in Sources */,
				3102BE1D1ECC2BA40097DA91 /* IQKeyboardManagerConstantsInternal.swift in Sources */,
				3102BDF91ECBEB510097DA91 /* AnnotationView.swift in Sources */,
				3102BE1C1ECC2BA40097DA91 /* IQKeyboardManagerConstants.swift in Sources */,
				3102BDE61EC9865C0097DA91 /* ImageEx.swift in Sources */,
				317B9BEA1EC69EF800F24216 /* MakeJobs.xcdatamodeld in Sources */,
				3102BE251ECC2BA40097DA91 /* IQUIView+IQKeyboardToolbar.swift in Sources */,
				317B9BF71EC6A79200F24216 /* KeyBoard.swift in Sources */,
				3102BDD61EC7666C0097DA91 /* DataService.swift in Sources */,
				3102BDF71ECBEA0E0097DA91 /* CustomCalloutView.swift in Sources */,
				3102BE171ECC2BA40097DA91 /* IQUIScrollView+Additions.swift in Sources */,
				317B9BE41EC69EF800F24216 /* SignInVC.swift in Sources */,
				3102BDD81EC771850097DA91 /* User.swift in Sources */,
				31A329E21FD3282D0020696F /* MoneyBunnyVC.swift in Sources */,
				3102BE181ECC2BA40097DA91 /* IQUITextFieldView+Additions.swift in Sources */,
				3102BDDA1EC7772F0097DA91 /* PostVC.swift in Sources */,
				3102BDDE1EC7D5D00097DA91 /* TabBarVC.swift in Sources */,
				31A329E41FD350650020696F /* Article.swift in Sources */,
				3102BE211ECC2BA40097DA91 /* IQBarButtonItem.swift in Sources */,
				317B9BFA1EC6BDE000F24216 /* SignUpVC.swift in Sources */,
				3102BE161ECC2BA40097DA91 /* IQNSArray+Sort.swift in Sources */,
				3102BE1B1ECC2BA40097DA91 /* IQUIWindow+Hierarchy.swift in Sources */,
				3102BDEA1EC9CB360097DA91 /* MapVC.swift in Sources */,
				317B9BE21EC69EF800F24216 /* AppDelegate.swift in Sources */,
				3102BDFD1ECC25340097DA91 /* Bounce.swift in Sources */,
				3102BDF21ECBE5AB0097DA91 /* StarbucksAnnotation.swift in Sources */,
				3102BE221ECC2BA40097DA91 /* IQPreviousNextView.swift in Sources */,
				3102BDE81EC9AAE80097DA91 /* SignOutVC.swift in Sources */,
				31A329E61FD351940020696F /* WebVC.swift in Sources */,
				3102BE231ECC2BA40097DA91 /* IQTitleBarButtonItem.swift in Sources */,
				3102BE241ECC2BA40097DA91 /* IQToolbar.swift in Sources */,
			);
			runOnlyForDeploymentPostprocessing = 0;
		};
/* End PBXSourcesBuildPhase section */

/* Begin PBXVariantGroup section */
		317B9BE51EC69EF800F24216 /* Main.storyboard */ = {
			isa = PBXVariantGroup;
			children = (
				317B9BE61EC69EF800F24216 /* Base */,
			);
			name = Main.storyboard;
			sourceTree = "<group>";
		};
		317B9BED1EC69EF800F24216 /* LaunchScreen.storyboard */ = {
			isa = PBXVariantGroup;
			children = (
				317B9BEE1EC69EF800F24216 /* Base */,
			);
			name = LaunchScreen.storyboard;
			sourceTree = "<group>";
		};
/* End PBXVariantGroup section */

/* Begin XCBuildConfiguration section */
		317B9BF11EC69EF800F24216 /* Debug */ = {
			isa = XCBuildConfiguration;
			buildSettings = {
				ALWAYS_SEARCH_USER_PATHS = NO;
				CLANG_ANALYZER_NONNULL = YES;
				CLANG_ANALYZER_NUMBER_OBJECT_CONVERSION = YES_AGGRESSIVE;
				CLANG_CXX_LANGUAGE_STANDARD = "gnu++0x";
				CLANG_CXX_LIBRARY = "libc++";
				CLANG_ENABLE_MODULES = YES;
				CLANG_ENABLE_OBJC_ARC = YES;
				CLANG_WARN_BOOL_CONVERSION = YES;
				CLANG_WARN_CONSTANT_CONVERSION = YES;
				CLANG_WARN_DIRECT_OBJC_ISA_USAGE = YES_ERROR;
				CLANG_WARN_DOCUMENTATION_COMMENTS = YES;
				CLANG_WARN_EMPTY_BODY = YES;
				CLANG_WARN_ENUM_CONVERSION = YES;
				CLANG_WARN_INFINITE_RECURSION = YES;
				CLANG_WARN_INT_CONVERSION = YES;
				CLANG_WARN_OBJC_ROOT_CLASS = YES_ERROR;
				CLANG_WARN_SUSPICIOUS_MOVE = YES;
				CLANG_WARN_UNREACHABLE_CODE = YES;
				CLANG_WARN__DUPLICATE_METHOD_MATCH = YES;
				"CODE_SIGN_IDENTITY[sdk=iphoneos*]" = "iPhone Developer";
				COPY_PHASE_STRIP = NO;
				DEBUG_INFORMATION_FORMAT = dwarf;
				ENABLE_STRICT_OBJC_MSGSEND = YES;
				ENABLE_TESTABILITY = YES;
				GCC_C_LANGUAGE_STANDARD = gnu99;
				GCC_DYNAMIC_NO_PIC = NO;
				GCC_NO_COMMON_BLOCKS = YES;
				GCC_OPTIMIZATION_LEVEL = 0;
				GCC_PREPROCESSOR_DEFINITIONS = (
					"DEBUG=1",
					"$(inherited)",
				);
				GCC_WARN_64_TO_32_BIT_CONVERSION = YES;
				GCC_WARN_ABOUT_RETURN_TYPE = YES_ERROR;
				GCC_WARN_UNDECLARED_SELECTOR = YES;
				GCC_WARN_UNINITIALIZED_AUTOS = YES_AGGRESSIVE;
				GCC_WARN_UNUSED_FUNCTION = YES;
				GCC_WARN_UNUSED_VARIABLE = YES;
				IPHONEOS_DEPLOYMENT_TARGET = 10.3;
				MTL_ENABLE_DEBUG_INFO = YES;
				ONLY_ACTIVE_ARCH = YES;
				SDKROOT = iphoneos;
				SWIFT_ACTIVE_COMPILATION_CONDITIONS = DEBUG;
				SWIFT_OPTIMIZATION_LEVEL = "-Onone";
				TARGETED_DEVICE_FAMILY = "1,2";
			};
			name = Debug;
		};
		317B9BF21EC69EF800F24216 /* Release */ = {
			isa = XCBuildConfiguration;
			buildSettings = {
				ALWAYS_SEARCH_USER_PATHS = NO;
				CLANG_ANALYZER_NONNULL = YES;
				CLANG_ANALYZER_NUMBER_OBJECT_CONVERSION = YES_AGGRESSIVE;
				CLANG_CXX_LANGUAGE_STANDARD = "gnu++0x";
				CLANG_CXX_LIBRARY = "libc++";
				CLANG_ENABLE_MODULES = YES;
				CLANG_ENABLE_OBJC_ARC = YES;
				CLANG_WARN_BOOL_CONVERSION = YES;
				CLANG_WARN_CONSTANT_CONVERSION = YES;
				CLANG_WARN_DIRECT_OBJC_ISA_USAGE = YES_ERROR;
				CLANG_WARN_DOCUMENTATION_COMMENTS = YES;
				CLANG_WARN_EMPTY_BODY = YES;
				CLANG_WARN_ENUM_CONVERSION = YES;
				CLANG_WARN_INFINITE_RECURSION = YES;
				CLANG_WARN_INT_CONVERSION = YES;
				CLANG_WARN_OBJC_ROOT_CLASS = YES_ERROR;
				CLANG_WARN_SUSPICIOUS_MOVE = YES;
				CLANG_WARN_UNREACHABLE_CODE = YES;
				CLANG_WARN__DUPLICATE_METHOD_MATCH = YES;
				"CODE_SIGN_IDENTITY[sdk=iphoneos*]" = "iPhone Developer";
				COPY_PHASE_STRIP = NO;
				DEBUG_INFORMATION_FORMAT = "dwarf-with-dsym";
				ENABLE_NS_ASSERTIONS = NO;
				ENABLE_STRICT_OBJC_MSGSEND = YES;
				GCC_C_LANGUAGE_STANDARD = gnu99;
				GCC_NO_COMMON_BLOCKS = YES;
				GCC_WARN_64_TO_32_BIT_CONVERSION = YES;
				GCC_WARN_ABOUT_RETURN_TYPE = YES_ERROR;
				GCC_WARN_UNDECLARED_SELECTOR = YES;
				GCC_WARN_UNINITIALIZED_AUTOS = YES_AGGRESSIVE;
				GCC_WARN_UNUSED_FUNCTION = YES;
				GCC_WARN_UNUSED_VARIABLE = YES;
				IPHONEOS_DEPLOYMENT_TARGET = 10.3;
				MTL_ENABLE_DEBUG_INFO = NO;
				SDKROOT = iphoneos;
				SWIFT_OPTIMIZATION_LEVEL = "-Owholemodule";
				TARGETED_DEVICE_FAMILY = "1,2";
				VALIDATE_PRODUCT = YES;
			};
			name = Release;
		};
		317B9BF41EC69EF800F24216 /* Debug */ = {
			isa = XCBuildConfiguration;
			baseConfigurationReference = 4181C612292FA6F4ADB45F90 /* Pods-MakeJobs.debug.xcconfig */;
			buildSettings = {
				ASSETCATALOG_COMPILER_APPICON_NAME = AppIcon;
				DEVELOPMENT_TEAM = 8AEAWST845;
				INFOPLIST_FILE = MakeJobs/Info.plist;
				IPHONEOS_DEPLOYMENT_TARGET = 9.0;
				LD_RUNPATH_SEARCH_PATHS = "$(inherited) @executable_path/Frameworks";
				PRODUCT_BUNDLE_IDENTIFIER = com.theboss.makejobs;
				PRODUCT_NAME = "$(TARGET_NAME)";
				SWIFT_VERSION = 3.0;
			};
			name = Debug;
		};
		317B9BF51EC69EF800F24216 /* Release */ = {
			isa = XCBuildConfiguration;
			baseConfigurationReference = D1AAF9DEA955A9CCEF97E4DB /* Pods-MakeJobs.release.xcconfig */;
			buildSettings = {
				ASSETCATALOG_COMPILER_APPICON_NAME = AppIcon;
				DEVELOPMENT_TEAM = 8AEAWST845;
				INFOPLIST_FILE = MakeJobs/Info.plist;
				IPHONEOS_DEPLOYMENT_TARGET = 9.0;
				LD_RUNPATH_SEARCH_PATHS = "$(inherited) @executable_path/Frameworks";
				PRODUCT_BUNDLE_IDENTIFIER = com.theboss.makejobs;
				PRODUCT_NAME = "$(TARGET_NAME)";
				SWIFT_VERSION = 3.0;
			};
			name = Release;
		};
/* End XCBuildConfiguration section */

/* Begin XCConfigurationList section */
		317B9BD91EC69EF800F24216 /* Build configuration list for PBXProject "MakeJobs" */ = {
			isa = XCConfigurationList;
			buildConfigurations = (
				317B9BF11EC69EF800F24216 /* Debug */,
				317B9BF21EC69EF800F24216 /* Release */,
			);
			defaultConfigurationIsVisible = 0;
			defaultConfigurationName = Release;
		};
		317B9BF31EC69EF800F24216 /* Build configuration list for PBXNativeTarget "MakeJobs" */ = {
			isa = XCConfigurationList;
			buildConfigurations = (
				317B9BF41EC69EF800F24216 /* Debug */,
				317B9BF51EC69EF800F24216 /* Release */,
			);
			defaultConfigurationIsVisible = 0;
			defaultConfigurationName = Release;
		};
/* End XCConfigurationList section */

/* Begin XCVersionGroup section */
		317B9BE81EC69EF800F24216 /* MakeJobs.xcdatamodeld */ = {
			isa = XCVersionGroup;
			children = (
				317B9BE91EC69EF800F24216 /* MakeJobs.xcdatamodel */,
			);
			currentVersion = 317B9BE91EC69EF800F24216 /* MakeJobs.xcdatamodel */;
			path = MakeJobs.xcdatamodeld;
			sourceTree = "<group>";
			versionGroupType = wrapper.xcdatamodel;
		};
/* End XCVersionGroup section */
	};
	rootObject = 317B9BD61EC69EF800F24216 /* Project object */;
}
